// !$*UTF8*$!
{
	archiveVersion = 1;
	classes = {
	};
	objectVersion = 46;
	objects = {

/* Begin PBXBuildFile section */
		914F2CC9182F003500D4016E /* Foundation.framework in Frameworks */ = {isa = PBXBuildFile; fileRef = 914F2CC8182F003500D4016E /* Foundation.framework */; };
		914F2CCB182F003500D4016E /* CoreGraphics.framework in Frameworks */ = {isa = PBXBuildFile; fileRef = 914F2CCA182F003500D4016E /* CoreGraphics.framework */; };
		914F2CCD182F003500D4016E /* UIKit.framework in Frameworks */ = {isa = PBXBuildFile; fileRef = 914F2CCC182F003500D4016E /* UIKit.framework */; };
		914F2CD3182F003500D4016E /* InfoPlist.strings in Resources */ = {isa = PBXBuildFile; fileRef = 914F2CD1182F003500D4016E /* InfoPlist.strings */; };
		914F2CD5182F003500D4016E /* main.m in Sources */ = {isa = PBXBuildFile; fileRef = 914F2CD4182F003500D4016E /* main.m */; };
		914F2CD9182F003500D4016E /* CalculatorAppDelegate.m in Sources */ = {isa = PBXBuildFile; fileRef = 914F2CD8182F003500D4016E /* CalculatorAppDelegate.m */; };
		914F2CDC182F003500D4016E /* Main.storyboard in Resources */ = {isa = PBXBuildFile; fileRef = 914F2CDA182F003500D4016E /* Main.storyboard */; };
		914F2CDF182F003500D4016E /* CalculatorViewController.m in Sources */ = {isa = PBXBuildFile; fileRef = 914F2CDE182F003500D4016E /* CalculatorViewController.m */; };
		914F2CE1182F003500D4016E /* Images.xcassets in Resources */ = {isa = PBXBuildFile; fileRef = 914F2CE0182F003500D4016E /* Images.xcassets */; };
		914F2CE8182F003500D4016E /* XCTest.framework in Frameworks */ = {isa = PBXBuildFile; fileRef = 914F2CE7182F003500D4016E /* XCTest.framework */; };
		914F2CE9182F003600D4016E /* Foundation.framework in Frameworks */ = {isa = PBXBuildFile; fileRef = 914F2CC8182F003500D4016E /* Foundation.framework */; };
		914F2CEA182F003600D4016E /* UIKit.framework in Frameworks */ = {isa = PBXBuildFile; fileRef = 914F2CCC182F003500D4016E /* UIKit.framework */; };
		914F2CF2182F003600D4016E /* InfoPlist.strings in Resources */ = {isa = PBXBuildFile; fileRef = 914F2CF0182F003600D4016E /* InfoPlist.strings */; };
		914F2CF4182F003600D4016E /* CalculatorTests.m in Sources */ = {isa = PBXBuildFile; fileRef = 914F2CF3182F003600D4016E /* CalculatorTests.m */; };
		914F2CFF182F01CB00D4016E /* CalculatorBrain.m in Sources */ = {isa = PBXBuildFile; fileRef = 914F2CFE182F01CB00D4016E /* CalculatorBrain.m */; };
/* End PBXBuildFile section */

/* Begin PBXContainerItemProxy section */
		914F2CEB182F003600D4016E /* PBXContainerItemProxy */ = {
			isa = PBXContainerItemProxy;
			containerPortal = 914F2CBD182F003500D4016E /* Project object */;
			proxyType = 1;
			remoteGlobalIDString = 914F2CC4182F003500D4016E;
			remoteInfo = Calculator;
		};
/* End PBXContainerItemProxy section */

/* Begin PBXFileReference section */
		914F2CC5182F003500D4016E /* Calculator.app */ = {isa = PBXFileReference; explicitFileType = wrapper.application; includeInIndex = 0; path = Calculator.app; sourceTree = BUILT_PRODUCTS_DIR; };
		914F2CC8182F003500D4016E /* Foundation.framework */ = {isa = PBXFileReference; lastKnownFileType = wrapper.framework; name = Foundation.framework; path = System/Library/Frameworks/Foundation.framework; sourceTree = SDKROOT; };
		914F2CCA182F003500D4016E /* CoreGraphics.framework */ = {isa = PBXFileReference; lastKnownFileType = wrapper.framework; name = CoreGraphics.framework; path = System/Library/Frameworks/CoreGraphics.framework; sourceTree = SDKROOT; };
		914F2CCC182F003500D4016E /* UIKit.framework */ = {isa = PBXFileReference; lastKnownFileType = wrapper.framework; name = UIKit.framework; path = System/Library/Frameworks/UIKit.framework; sourceTree = SDKROOT; };
		914F2CD0182F003500D4016E /* Calculator-Info.plist */ = {isa = PBXFileReference; lastKnownFileType = text.plist.xml; path = "Calculator-Info.plist"; sourceTree = "<group>"; };
		914F2CD2182F003500D4016E /* en */ = {isa = PBXFileReference; lastKnownFileType = text.plist.strings; name = en; path = en.lproj/InfoPlist.strings; sourceTree = "<group>"; };
		914F2CD4182F003500D4016E /* main.m */ = {isa = PBXFileReference; lastKnownFileType = sourcecode.c.objc; path = main.m; sourceTree = "<group>"; };
		914F2CD6182F003500D4016E /* Calculator-Prefix.pch */ = {isa = PBXFileReference; lastKnownFileType = sourcecode.c.h; path = "Calculator-Prefix.pch"; sourceTree = "<group>"; };
		914F2CD7182F003500D4016E /* CalculatorAppDelegate.h */ = {isa = PBXFileReference; lastKnownFileType = sourcecode.c.h; path = CalculatorAppDelegate.h; sourceTree = "<group>"; };
		914F2CD8182F003500D4016E /* CalculatorAppDelegate.m */ = {isa = PBXFileReference; lastKnownFileType = sourcecode.c.objc; path = CalculatorAppDelegate.m; sourceTree = "<group>"; };
		914F2CDB182F003500D4016E /* Base */ = {isa = PBXFileReference; lastKnownFileType = file.storyboard; name = Base; path = Base.lproj/Main.storyboard; sourceTree = "<group>"; };
		914F2CDD182F003500D4016E /* CalculatorViewController.h */ = {isa = PBXFileReference; lastKnownFileType = sourcecode.c.h; path = CalculatorViewController.h; sourceTree = "<group>"; };
		914F2CDE182F003500D4016E /* CalculatorViewController.m */ = {isa = PBXFileReference; lastKnownFileType = sourcecode.c.objc; path = CalculatorViewController.m; sourceTree = "<group>"; };
		914F2CE0182F003500D4016E /* Images.xcassets */ = {isa = PBXFileReference; lastKnownFileType = folder.assetcatalog; path = Images.xcassets; sourceTree = "<group>"; };
		914F2CE6182F003500D4016E /* CalculatorTests.xctest */ = {isa = PBXFileReference; explicitFileType = wrapper.cfbundle; includeInIndex = 0; path = CalculatorTests.xctest; sourceTree = BUILT_PRODUCTS_DIR; };
		914F2CE7182F003500D4016E /* XCTest.framework */ = {isa = PBXFileReference; lastKnownFileType = wrapper.framework; name = XCTest.framework; path = Library/Frameworks/XCTest.framework; sourceTree = DEVELOPER_DIR; };
		914F2CEF182F003600D4016E /* CalculatorTests-Info.plist */ = {isa = PBXFileReference; lastKnownFileType = text.plist.xml; path = "CalculatorTests-Info.plist"; sourceTree = "<group>"; };
		914F2CF1182F003600D4016E /* en */ = {isa = PBXFileReference; lastKnownFileType = text.plist.strings; name = en; path = en.lproj/InfoPlist.strings; sourceTree = "<group>"; };
		914F2CF3182F003600D4016E /* CalculatorTests.m */ = {isa = PBXFileReference; lastKnownFileType = sourcecode.c.objc; path = CalculatorTests.m; sourceTree = "<group>"; };
		914F2CFD182F01CB00D4016E /* CalculatorBrain.h */ = {isa = PBXFileReference; fileEncoding = 4; lastKnownFileType = sourcecode.c.h; path = CalculatorBrain.h; sourceTree = "<group>"; };
		914F2CFE182F01CB00D4016E /* CalculatorBrain.m */ = {isa = PBXFileReference; fileEncoding = 4; lastKnownFileType = sourcecode.c.objc; path = CalculatorBrain.m; sourceTree = "<group>"; };
/* End PBXFileReference section */

/* Begin PBXFrameworksBuildPhase section */
		914F2CC2182F003500D4016E /* Frameworks */ = {
			isa = PBXFrameworksBuildPhase;
			buildActionMask = 2147483647;
			files = (
				914F2CCB182F003500D4016E /* CoreGraphics.framework in Frameworks */,
				914F2CCD182F003500D4016E /* UIKit.framework in Frameworks */,
				914F2CC9182F003500D4016E /* Foundation.framework in Frameworks */,
			);
			runOnlyForDeploymentPostprocessing = 0;
		};
		914F2CE3182F003500D4016E /* Frameworks */ = {
			isa = PBXFrameworksBuildPhase;
			buildActionMask = 2147483647;
			files = (
				914F2CE8182F003500D4016E /* XCTest.framework in Frameworks */,
				914F2CEA182F003600D4016E /* UIKit.framework in Frameworks */,
				914F2CE9182F003600D4016E /* Foundation.framework in Frameworks */,
			);
			runOnlyForDeploymentPostprocessing = 0;
		};
/* End PBXFrameworksBuildPhase section */

/* Begin PBXGroup section */
		914F2CBC182F003500D4016E = {
			isa = PBXGroup;
			children = (
				914F2CCE182F003500D4016E /* Calculator */,
				914F2CED182F003600D4016E /* CalculatorTests */,
				914F2CC7182F003500D4016E /* Frameworks */,
				914F2CC6182F003500D4016E /* Products */,
			);
			sourceTree = "<group>";
		};
		914F2CC6182F003500D4016E /* Products */ = {
			isa = PBXGroup;
			children = (
				914F2CC5182F003500D4016E /* Calculator.app */,
				914F2CE6182F003500D4016E /* CalculatorTests.xctest */,
			);
			name = Products;
			sourceTree = "<group>";
		};
		914F2CC7182F003500D4016E /* Frameworks */ = {
			isa = PBXGroup;
			children = (
				914F2CC8182F003500D4016E /* Foundation.framework */,
				914F2CCA182F003500D4016E /* CoreGraphics.framework */,
				914F2CCC182F003500D4016E /* UIKit.framework */,
				914F2CE7182F003500D4016E /* XCTest.framework */,
			);
			name = Frameworks;
			sourceTree = "<group>";
		};
		914F2CCE182F003500D4016E /* Calculator */ = {
			isa = PBXGroup;
			children = (
				914F2CFD182F01CB00D4016E /* CalculatorBrain.h */,
				914F2CFE182F01CB00D4016E /* CalculatorBrain.m */,
				914F2CD7182F003500D4016E /* CalculatorAppDelegate.h */,
				914F2CD8182F003500D4016E /* CalculatorAppDelegate.m */,
				914F2CDA182F003500D4016E /* Main.storyboard */,
				914F2CDD182F003500D4016E /* CalculatorViewController.h */,
				914F2CDE182F003500D4016E /* CalculatorViewController.m */,
				914F2CE0182F003500D4016E /* Images.xcassets */,
				914F2CCF182F003500D4016E /* Supporting Files */,
			);
			path = Calculator;
			sourceTree = "<group>";
		};
		914F2CCF182F003500D4016E /* Supporting Files */ = {
			isa = PBXGroup;
			children = (
				914F2CD0182F003500D4016E /* Calculator-Info.plist */,
				914F2CD1182F003500D4016E /* InfoPlist.strings */,
				914F2CD4182F003500D4016E /* main.m */,
				914F2CD6182F003500D4016E /* Calculator-Prefix.pch */,
			);
			name = "Supporting Files";
			sourceTree = "<group>";
		};
		914F2CED182F003600D4016E /* CalculatorTests */ = {
			isa = PBXGroup;
			children = (
				914F2CF3182F003600D4016E /* CalculatorTests.m */,
				914F2CEE182F003600D4016E /* Supporting Files */,
			);
			path = CalculatorTests;
			sourceTree = "<group>";
		};
		914F2CEE182F003600D4016E /* Supporting Files */ = {
			isa = PBXGroup;
			children = (
				914F2CEF182F003600D4016E /* CalculatorTests-Info.plist */,
				914F2CF0182F003600D4016E /* InfoPlist.strings */,
			);
			name = "Supporting Files";
			sourceTree = "<group>";
		};
/* End PBXGroup section */

/* Begin PBXNativeTarget section */
		914F2CC4182F003500D4016E /* Calculator */ = {
			isa = PBXNativeTarget;
			buildConfigurationList = 914F2CF7182F003600D4016E /* Build configuration list for PBXNativeTarget "Calculator" */;
			buildPhases = (
				914F2CC1182F003500D4016E /* Sources */,
				914F2CC2182F003500D4016E /* Frameworks */,
				914F2CC3182F003500D4016E /* Resources */,
			);
			buildRules = (
			);
			dependencies = (
			);
			name = Calculator;
			productName = Calculator;
			productReference = 914F2CC5182F003500D4016E /* Calculator.app */;
			productType = "com.apple.product-type.application";
		};
		914F2CE5182F003500D4016E /* CalculatorTests */ = {
			isa = PBXNativeTarget;
			buildConfigurationList = 914F2CFA182F003600D4016E /* Build configuration list for PBXNativeTarget "CalculatorTests" */;
			buildPhases = (
				914F2CE2182F003500D4016E /* Sources */,
				914F2CE3182F003500D4016E /* Frameworks */,
				914F2CE4182F003500D4016E /* Resources */,
			);
			buildRules = (
			);
			dependencies = (
				914F2CEC182F003600D4016E /* PBXTargetDependency */,
			);
			name = CalculatorTests;
			productName = CalculatorTests;
			productReference = 914F2CE6182F003500D4016E /* CalculatorTests.xctest */;
			productType = "com.apple.product-type.bundle.unit-test";
		};
/* End PBXNativeTarget section */

/* Begin PBXProject section */
		914F2CBD182F003500D4016E /* Project object */ = {
			isa = PBXProject;
			attributes = {
				CLASSPREFIX = Calculator;
				LastUpgradeCheck = 0500;
				ORGANIZATIONNAME = "Luke Causevic";
				TargetAttributes = {
					914F2CE5182F003500D4016E = {
						TestTargetID = 914F2CC4182F003500D4016E;
					};
				};
			};
			buildConfigurationList = 914F2CC0182F003500D4016E /* Build configuration list for PBXProject "Calculator" */;
			compatibilityVersion = "Xcode 3.2";
			developmentRegion = English;
			hasScannedForEncodings = 0;
			knownRegions = (
				en,
				Base,
			);
			mainGroup = 914F2CBC182F003500D4016E;
			productRefGroup = 914F2CC6182F003500D4016E /* Products */;
			projectDirPath = "";
			projectRoot = "";
			targets = (
				914F2CC4182F003500D4016E /* Calculator */,
				914F2CE5182F003500D4016E /* CalculatorTests */,
			);
		};
/* End PBXProject section */

/* Begin PBXResourcesBuildPhase section */
		914F2CC3182F003500D4016E /* Resources */ = {
			isa = PBXResourcesBuildPhase;
			buildActionMask = 2147483647;
			files = (
				914F2CE1182F003500D4016E /* Images.xcassets in Resources */,
				914F2CD3182F003500D4016E /* InfoPlist.strings in Resources */,
				914F2CDC182F003500D4016E /* Main.storyboard in Resources */,
			);
			runOnlyForDeploymentPostprocessing = 0;
		};
		914F2CE4182F003500D4016E /* Resources */ = {
			isa = PBXResourcesBuildPhase;
			buildActionMask = 2147483647;
			files = (
				914F2CF2182F003600D4016E /* InfoPlist.strings in Resources */,
			);
			runOnlyForDeploymentPostprocessing = 0;
		};
/* End PBXResourcesBuildPhase section */

/* Begin PBXSourcesBuildPhase section */
		914F2CC1182F003500D4016E /* Sources */ = {
			isa = PBXSourcesBuildPhase;
			buildActionMask = 2147483647;
			files = (
				914F2CD9182F003500D4016E /* CalculatorAppDelegate.m in Sources */,
				914F2CD5182F003500D4016E /* main.m in Sources */,
				914F2CFF182F01CB00D4016E /* CalculatorBrain.m in Sources */,
				914F2CDF182F003500D4016E /* CalculatorViewController.m in Sources */,
			);
			runOnlyForDeploymentPostprocessing = 0;
		};
		914F2CE2182F003500D4016E /* Sources */ = {
			isa = PBXSourcesBuildPhase;
			buildActionMask = 2147483647;
			files = (
				914F2CF4182F003600D4016E /* CalculatorTests.m in Sources */,
			);
			runOnlyForDeploymentPostprocessing = 0;
		};
/* End PBXSourcesBuildPhase section */

/* Begin PBXTargetDependency section */
		914F2CEC182F003600D4016E /* PBXTargetDependency */ = {
			isa = PBXTargetDependency;
			target = 914F2CC4182F003500D4016E /* Calculator */;
			targetProxy = 914F2CEB182F003600D4016E /* PBXContainerItemProxy */;
		};
/* End PBXTargetDependency section */

/* Begin PBXVariantGroup section */
		914F2CD1182F003500D4016E /* InfoPlist.strings */ = {
			isa = PBXVariantGroup;
			children = (
				914F2CD2182F003500D4016E /* en */,
			);
			name = InfoPlist.strings;
			sourceTree = "<group>";
		};
		914F2CDA182F003500D4016E /* Main.storyboard */ = {
			isa = PBXVariantGroup;
			children = (
				914F2CDB182F003500D4016E /* Base */,
			);
			name = Main.storyboard;
			sourceTree = "<group>";
		};
		914F2CF0182F003600D4016E /* InfoPlist.strings */ = {
			isa = PBXVariantGroup;
			children = (
				914F2CF1182F003600D4016E /* en */,
			);
			name = InfoPlist.strings;
			sourceTree = "<group>";
		};
/* End PBXVariantGroup section */

/* Begin XCBuildConfiguration section */
		914F2CF5182F003600D4016E /* Debug */ = {
			isa = XCBuildConfiguration;
			buildSettings = {
				ALWAYS_SEARCH_USER_PATHS = NO;
				ARCHS = "$(ARCHS_STANDARD_INCLUDING_64_BIT)";
				CLANG_CXX_LANGUAGE_STANDARD = "gnu++0x";
				CLANG_CXX_LIBRARY = "libc++";
				CLANG_ENABLE_MODULES = YES;
				CLANG_ENABLE_OBJC_ARC = YES;
				CLANG_WARN_BOOL_CONVERSION = YES;
				CLANG_WARN_CONSTANT_CONVERSION = YES;
				CLANG_WARN_DIRECT_OBJC_ISA_USAGE = YES_ERROR;
				CLANG_WARN_EMPTY_BODY = YES;
				CLANG_WARN_ENUM_CONVERSION = YES;
				CLANG_WARN_INT_CONVERSION = YES;
				CLANG_WARN_OBJC_ROOT_CLASS = YES_ERROR;
				CLANG_WARN__DUPLICATE_METHOD_MATCH = YES;
				"CODE_SIGN_IDENTITY[sdk=iphoneos*]" = "iPhone Developer";
				COPY_PHASE_STRIP = NO;
				GCC_C_LANGUAGE_STANDARD = gnu99;
				GCC_DYNAMIC_NO_PIC = NO;
				GCC_OPTIMIZATION_LEVEL = 0;
				GCC_PREPROCESSOR_DEFINITIONS = (
					"DEBUG=1",
					"$(inherited)",
				);
				GCC_SYMBOLS_PRIVATE_EXTERN = NO;
				GCC_WARN_64_TO_32_BIT_CONVERSION = YES;
				GCC_WARN_ABOUT_RETURN_TYPE = YES_ERROR;
				GCC_WARN_UNDECLARED_SELECTOR = YES;
				GCC_WARN_UNINITIALIZED_AUTOS = YES;
				GCC_WARN_UNUSED_FUNCTION = YES;
				GCC_WARN_UNUSED_VARIABLE = YES;
				IPHONEOS_DEPLOYMENT_TARGET = 7.0;
				ONLY_ACTIVE_ARCH = YES;
				SDKROOT = iphoneos;
			};
			name = Debug;
		};
		914F2CF6182F003600D4016E /* Release */ = {
			isa = XCBuildConfiguration;
			buildSettings = {
				ALWAYS_SEARCH_USER_PATHS = NO;
				ARCHS = "$(ARCHS_STANDARD_INCLUDING_64_BIT)";
				CLANG_CXX_LANGUAGE_STANDARD = "gnu++0x";
				CLANG_CXX_LIBRARY = "libc++";
				CLANG_ENABLE_MODULES = YES;
				CLANG_ENABLE_OBJC_ARC = YES;
				CLANG_WARN_BOOL_CONVERSION = YES;
				CLANG_WARN_CONSTANT_CONVERSION = YES;
				CLANG_WARN_DIRECT_OBJC_ISA_USAGE = YES_ERROR;
				CLANG_WARN_EMPTY_BODY = YES;
				CLANG_WARN_ENUM_CONVERSION = YES;
				CLANG_WARN_INT_CONVERSION = YES;
				CLANG_WARN_OBJC_ROOT_CLASS = YES_ERROR;
				CLANG_WARN__DUPLICATE_METHOD_MATCH = YES;
				"CODE_SIGN_IDENTITY[sdk=iphoneos*]" = "iPhone Developer";
				COPY_PHASE_STRIP = YES;
				ENABLE_NS_ASSERTIONS = NO;
				GCC_C_LANGUAGE_STANDARD = gnu99;
				GCC_WARN_64_TO_32_BIT_CONVERSION = YES;
				GCC_WARN_ABOUT_RETURN_TYPE = YES_ERROR;
				GCC_WARN_UNDECLARED_SELECTOR = YES;
				GCC_WARN_UNINITIALIZED_AUTOS = YES;
				GCC_WARN_UNUSED_FUNCTION = YES;
				GCC_WARN_UNUSED_VARIABLE = YES;
				IPHONEOS_DEPLOYMENT_TARGET = 7.0;
				SDKROOT = iphoneos;
				VALIDATE_PRODUCT = YES;
			};
			name = Release;
		};
		914F2CF8182F003600D4016E /* Debug */ = {
			isa = XCBuildConfiguration;
			buildSettings = {
				ASSETCATALOG_COMPILER_APPICON_NAME = AppIcon;
				ASSETCATALOG_COMPILER_LAUNCHIMAGE_NAME = LaunchImage;
				GCC_PRECOMPILE_PREFIX_HEADER = YES;
				GCC_PREFIX_HEADER = "Calculator/Calculator-Prefix.pch";
				INFOPLIST_FILE = "Calculator/Calculator-Info.plist";
				PRODUCT_NAME = "$(TARGET_NAME)";
				WRAPPER_EXTENSION = app;
			};
			name = Debug;
		};
		914F2CF9182F003600D4016E /* Release */ = {
			isa = XCBuildConfiguration;
			buildSettings = {
				ASSETCATALOG_COMPILER_APPICON_NAME = AppIcon;
				ASSETCATALOG_COMPILER_LAUNCHIMAGE_NAME = LaunchImage;
				GCC_PRECOMPILE_PREFIX_HEADER = YES;
				GCC_PREFIX_HEADER = "Calculator/Calculator-Prefix.pch";
				INFOPLIST_FILE = "Calculator/Calculator-Info.plist";
				PRODUCT_NAME = "$(TARGET_NAME)";
				WRAPPER_EXTENSION = app;
			};
			name = Release;
		};
		914F2CFB182F003600D4016E /* Debug */ = {
			isa = XCBuildConfiguration;
			buildSettings = {
				ARCHS = "$(ARCHS_STANDARD_INCLUDING_64_BIT)";
				BUNDLE_LOADER = "$(BUILT_PRODUCTS_DIR)/Calculator.app/Calculator";
				FRAMEWORK_SEARCH_PATHS = (
					"$(SDKROOT)/Developer/Library/Frameworks",
					"$(inherited)",
					"$(DEVELOPER_FRAMEWORKS_DIR)",
				);
				GCC_PRECOMPILE_PREFIX_HEADER = YES;
				GCC_PREFIX_HEADER = "Calculator/Calculator-Prefix.pch";
				GCC_PREPROCESSOR_DEFINITIONS = (
					"DEBUG=1",
					"$(inherited)",
				);
				INFOPLIST_FILE = "CalculatorTests/CalculatorTests-Info.plist";
				PRODUCT_NAME = "$(TARGET_NAME)";
				TEST_HOST = "$(BUNDLE_LOADER)";
				WRAPPER_EXTENSION = xctest;
			};
			name = Debug;
		};
		914F2CFC182F003600D4016E /* Release */ = {
			isa = XCBuildConfiguration;
			buildSettings = {
				ARCHS = "$(ARCHS_STANDARD_INCLUDING_64_BIT)";
				BUNDLE_LOADER = "$(BUILT_PRODUCTS_DIR)/Calculator.app/Calculator";
				FRAMEWORK_SEARCH_PATHS = (
					"$(SDKROOT)/Developer/Library/Frameworks",
					"$(inherited)",
					"$(DEVELOPER_FRAMEWORKS_DIR)",
				);
				GCC_PRECOMPILE_PREFIX_HEADER = YES;
				GCC_PREFIX_HEADER = "Calculator/Calculator-Prefix.pch";
				INFOPLIST_FILE = "CalculatorTests/CalculatorTests-Info.plist";
				PRODUCT_NAME = "$(TARGET_NAME)";
				TEST_HOST = "$(BUNDLE_LOADER)";
				WRAPPER_EXTENSION = xctest;
			};
			name = Release;
		};
/* End XCBuildConfiguration section */

/* Begin XCConfigurationList section */
		914F2CC0182F003500D4016E /* Build configuration list for PBXProject "Calculator" */ = {
			isa = XCConfigurationList;
			buildConfigurations = (
				914F2CF5182F003600D4016E /* Debug */,
				914F2CF6182F003600D4016E /* Release */,
			);
			defaultConfigurationIsVisible = 0;
			defaultConfigurationName = Release;
		};
		914F2CF7182F003600D4016E /* Build configuration list for PBXNativeTarget "Calculator" */ = {
			isa = XCConfigurationList;
			buildConfigurations = (
				914F2CF8182F003600D4016E /* Debug */,
				914F2CF9182F003600D4016E /* Release */,
			);
			defaultConfigurationIsVisible = 0;
		};
		914F2CFA182F003600D4016E /* Build configuration list for PBXNativeTarget "CalculatorTests" */ = {
			isa = XCConfigurationList;
			buildConfigurations = (
				914F2CFB182F003600D4016E /* Debug */,
				914F2CFC182F003600D4016E /* Release */,
			);
			defaultConfigurationIsVisible = 0;
		};
/* End XCConfigurationList section */
	};
	rootObject = 914F2CBD182F003500D4016E /* Project object */;
}
